
Microsoft Visual Studio Solution File, Format Version 12.00
# Visual Studio Version 17
VisualStudioVersion = 17.5.002.0
MinimumVisualStudioVersion = 10.0.40219.1
Project("{9A19103F-16F7-4668-BE54-9A1E7A4F7556}") = "Task_25", "Task_25\Task_25.csproj", "{0B326099-E4B9-4B0C-B4AF-D7FB1F6FF9B5}"
EndProject
Project("{9A19103F-16F7-4668-BE54-9A1E7A4F7556}") = "Task_27", "Task_27\Task_27.csproj", "{17DA77E8-11B6-4B72-AAA3-61902604A394}"
EndProject
Project("{9A19103F-16F7-4668-BE54-9A1E7A4F7556}") = "Task_28", "Task_28\Task_28.csproj", "{6416C446-E678-44FD-8C20-1C7AABC7D390}"
EndProject
Global
	GlobalSection(SolutionConfigurationPlatforms) = preSolution
		Debug|Any CPU = Debug|Any CPU
		Release|Any CPU = Release|Any CPU
	EndGlobalSection
	GlobalSection(ProjectConfigurationPlatforms) = postSolution
		{0B326099-E4B9-4B0C-B4AF-D7FB1F6FF9B5}.Debug|Any CPU.ActiveCfg = Debug|Any CPU
		{0B326099-E4B9-4B0C-B4AF-D7FB1F6FF9B5}.Debug|Any CPU.Build.0 = Debug|Any CPU
		{0B326099-E4B9-4B0C-B4AF-D7FB1F6FF9B5}.Release|Any CPU.ActiveCfg = Release|Any CPU
		{0B326099-E4B9-4B0C-B4AF-D7FB1F6FF9B5}.Release|Any CPU.Build.0 = Release|Any CPU
		{17DA77E8-11B6-4B72-AAA3-61902604A394}.Debug|Any CPU.ActiveCfg = Debug|Any CPU
		{17DA77E8-11B6-4B72-AAA3-61902604A394}.Debug|Any CPU.Build.0 = Debug|Any CPU
		{17DA77E8-11B6-4B72-AAA3-61902604A394}.Release|Any CPU.ActiveCfg = Release|Any CPU
		{17DA77E8-11B6-4B72-AAA3-61902604A394}.Release|Any CPU.Build.0 = Release|Any CPU
		{6416C446-E678-44FD-8C20-1C7AABC7D390}.Debug|Any CPU.ActiveCfg = Debug|Any CPU
		{6416C446-E678-44FD-8C20-1C7AABC7D390}.Debug|Any CPU.Build.0 = Debug|Any CPU
		{6416C446-E678-44FD-8C20-1C7AABC7D390}.Release|Any CPU.ActiveCfg = Release|Any CPU
		{6416C446-E678-44FD-8C20-1C7AABC7D390}.Release|Any CPU.Build.0 = Release|Any CPU
	EndGlobalSection
	GlobalSection(SolutionProperties) = preSolution
		HideSolutionNode = FALSE
	EndGlobalSection
	GlobalSection(ExtensibilityGlobals) = postSolution
		SolutionGuid = {46A15CCD-9E58-4574-B322-77ECB4E8084C}
	EndGlobalSection
EndGlobal
